
Microsoft Visual Studio Solution File, Format Version 12.00
# Visual Studio Version 17
VisualStudioVersion = 17.1.32210.238
MinimumVisualStudioVersion = 10.0.40219.1
Project("{FAE04EC0-301F-11D3-BF4B-00C04F79EFBC}") = "AddressBook", "AddressBook\AddressBook.csproj", "{73C483F2-E2EC-4E2C-A2F5-ED74F6BE93F8}"
EndProject
Global
	GlobalSection(SolutionConfigurationPlatforms) = preSolution
		Debug|Any CPU = Debug|Any CPU
		Release|Any CPU = Release|Any CPU
	EndGlobalSection
	GlobalSection(ProjectConfigurationPlatforms) = postSolution
		{73C483F2-E2EC-4E2C-A2F5-ED74F6BE93F8}.Debug|Any CPU.ActiveCfg = Debug|Any CPU
		{73C483F2-E2EC-4E2C-A2F5-ED74F6BE93F8}.Debug|Any CPU.Build.0 = Debug|Any CPU
		{73C483F2-E2EC-4E2C-A2F5-ED74F6BE93F8}.Release|Any CPU.ActiveCfg = Release|Any CPU
		{73C483F2-E2EC-4E2C-A2F5-ED74F6BE93F8}.Release|Any CPU.Build.0 = Release|Any CPU
	EndGlobalSection
	GlobalSection(SolutionProperties) = preSolution
		HideSolutionNode = FALSE
	EndGlobalSection
	GlobalSection(ExtensibilityGlobals) = postSolution
		SolutionGuid = {5FBF6283-4B3A-455B-9F7F-F2C20AA8A712}
	EndGlobalSection
EndGlobal
